#
# This file is autogenerated by pip-compile with Python 3.12
# by the following command:
#
#    pip-compile --generate-hashes --output-file=requirements.lock requirements.in
#
annotated-doc==0.0.4 \
    --hash=sha256:571ac1dc6991c450b25a9c2d84a3705e2ae7a53467b5d111c24fa8baabbed320 \
    --hash=sha256:fbcda96e87e9c92ad167c2e53839e57503ecfda18804ea28102353485033faa4
    # via fastapi
annotated-types==0.7.0 \
    --hash=sha256:1f02e8b43a8fbbc3f3e0d4f0f4bfc8131bcb4eebe8849b8e5c773f3a1c582a53 \
    --hash=sha256:aff07c09a53a08bc8cfccb9c85b05f1aa9a2a6f23728d790723543408344ce89
    # via pydantic
anyio==4.13.0 \
    --hash=sha256:08b310f9e24a9594186fd75b4f73f4a4152069e3853f1ed8bfbf58369f4ad708 \
    --hash=sha256:334b70e641fd2221c1505b3890c69882fe4a2df910cba14d97019b90b24439dc
    # via
    #   httpx
    #   starlette
certifi==2026.4.22 \
    --hash=sha256:3cb2210c8f88ba2318d29b0388d1023c8492ff72ecdde4ebdaddbb13a31b1c4a \
    --hash=sha256:8d455352a37b71bf76a79caa83a3d6c25afee4a385d632127b6afb3963f1c580
    # via
    #   httpcore
    #   httpx
click==8.3.3 \
    --hash=sha256:398329ad4837b2ff7cbe1dd166a4c0f8900c3ca3a218de04466f38f6497f18a2 \
    --hash=sha256:a2bf429bb3033c89fa4936ffb35d5cb471e3719e1f3c8a7c3fff0b8314305613
    # via uvicorn
deprecated==1.3.1 \
    --hash=sha256:597bfef186b6f60181535a29fbe44865ce137a5079f295b479886c82729d5f3f \
    --hash=sha256:b1b50e0ff0c1fddaa5708a2c6b0a6588bb09b892825ab2b214ac9ea9d92a5223
    # via limits
fastapi==0.136.1 \
    --hash=sha256:7af665ad7acfa0a3baf8983d393b6b471b9da10ede59c60045f49fbc89a0fa7f \
    --hash=sha256:a6e9d7eeada96c93a4d69cb03836b44fa34e2854accb7244a1ece36cd4781c3f
    # via -r requirements.in
h11==0.16.0 \
    --hash=sha256:4e35b956cf45792e4caa5885e69fba00bdbc6ffafbfa020300e549b208ee5ff1 \
    --hash=sha256:63cf8bbe7522de3bf65932fda1d9c2772064ffb3dae62d55932da54b31cb6c86
    # via
    #   httpcore
    #   uvicorn
httpcore==1.0.9 \
    --hash=sha256:2d400746a40668fc9dec9810239072b40b4484b640a8c38fd654a024c7a1bf55 \
    --hash=sha256:6e34463af53fd2ab5d807f399a9b45ea31c3dfa2276f15a2c3f00afff6e176e8
    # via httpx
httpx==0.28.1 \
    --hash=sha256:75e98c5f16b0f35b567856f597f06ff2270a374470a5c2392242528e3e3e42fc \
    --hash=sha256:d909fcccc110f8c7faf814ca82a9a4d816bc5a6dbfea25d6591d6985b8ba59ad
    # via python-telegram-bot
idna==3.13 \
    --hash=sha256:585ea8fe5d69b9181ec1afba340451fba6ba764af97026f92a91d4eef164a242 \
    --hash=sha256:892ea0cde124a99ce773decba204c5552b69c3c67ffd5f232eb7696135bc8bb3
    # via
    #   anyio
    #   httpx
limits==5.8.0 \
    --hash=sha256:ae1b008a43eb43073c3c579398bd4eb4c795de60952532dc24720ab45e1ac6b8 \
    --hash=sha256:c9e0d74aed837e8f6f50d1fcebcf5fd8130957287206bc3799adaee5092655da
    # via slowapi
packaging==26.1 \
    --hash=sha256:5d9c0669c6285e491e0ced2eee587eaf67b670d94a19e94e3984a481aba6802f \
    --hash=sha256:f042152b681c4bfac5cae2742a55e103d27ab2ec0f3d88037136b6bfe7c9c5de
    # via limits
pillow==12.2.0 \
    --hash=sha256:00a2865911330191c0b818c59103b58a5e697cae67042366970a6b6f1b20b7f9 \
    --hash=sha256:01afa7cf67f74f09523699b4e88c73fb55c13346d212a59a2db1f86b0a63e8c5 \
    --hash=sha256:03e7e372d5240cc23e9f07deca4d775c0817bffc641b01e9c3af208dbd300987 \
    --hash=sha256:03f6fab9219220f041c74aeaa2939ff0062bd5c364ba9ce037197f4c6d498cd9 \
    --hash=sha256:042db20a421b9bafecc4b84a8b6e444686bd9d836c7fd24542db3e7df7baad9b \
    --hash=sha256:0538bd5e05efec03ae613fd89c4ce0368ecd2ba239cc25b9f9be7ed426b0af1f \
    --hash=sha256:0a34329707af4f73cf1782a36cd2289c0368880654a2c11f027bcee9052d35dd \
    --hash=sha256:0c838a5125cee37e68edec915651521191cef1e6aa336b855f495766e77a366e \
    --hash=sha256:144748b3af2d1b358d41286056d0003f47cb339b8c43a9ea42f5fea4d8c66b6e \
    --hash=sha256:1610dd6c61621ae1cf811bef44d77e149ce3f7b95afe66a4512f8c59f25d9ebe \
    --hash=sha256:1e1757442ed87f4912397c6d35a0db6a7b52592156014706f17658ff58bbf795 \
    --hash=sha256:22db17c68434de69d8ecfc2fe821569195c0c373b25cccb9cbdacf2c6e53c601 \
    --hash=sha256:25373b66e0dd5905ed63fa3cae13c82fbddf3079f2c8bf15c6fb6a35586324c1 \
    --hash=sha256:2bb4a8d594eacdfc59d9e5ad972aa8afdd48d584ffd5f13a937a664c3e7db0ed \
    --hash=sha256:2c727a6d53cb0018aadd8018c2b938376af27914a68a492f59dfcaca650d5eea \
    --hash=sha256:2d192a155bbcec180f8564f693e6fd9bccff5a7af9b32e2e4bf8c9c69dbad6b5 \
    --hash=sha256:2e589959f10d9824d39b350472b92f0ce3b443c0a3442ebf41c40cb8361c5b97 \
    --hash=sha256:2e5a76d03a6c6dcef67edabda7a52494afa4035021a79c8558e14af25313d453 \
    --hash=sha256:325ca0528c6788d2a6c3d40e3568639398137346c3d6e66bb61db96b96511c98 \
    --hash=sha256:34c0d99ecccea270c04882cb3b86e7b57296079c9a4aff88cb3b33563d95afaa \
    --hash=sha256:390ede346628ccc626e5730107cde16c42d3836b89662a115a921f28440e6a3b \
    --hash=sha256:394167b21da716608eac917c60aa9b969421b5dcbbe02ae7f013e7b85811c69d \
    --hash=sha256:3997232e10d2920a68d25191392e3a4487d8183039e1c74c2297f00ed1c50705 \
    --hash=sha256:3adc9215e8be0448ed6e814966ecf3d9952f0ea40eb14e89a102b87f450660d8 \
    --hash=sha256:3e080565d8d7c671db5802eedfb438e5565ffa40115216eabb8cd52d0ecce024 \
    --hash=sha256:4a6c9fa44005fa37a91ebfc95d081e8079757d2e904b27103f4f5fa6f0bf78c0 \
    --hash=sha256:4bfd07bc812fbd20395212969e41931001fd59eb55a60658b0e5710872e95286 \
    --hash=sha256:4e6c62e9d237e9b65fac06857d511e90d8461a32adcc1b9065ea0c0fa3a28150 \
    --hash=sha256:50d8520da2a6ce0af445fa6d648c4273c3eeefbc32d7ce049f22e8b5c3daecc2 \
    --hash=sha256:51c4167c34b0d8ba05b547a3bb23578d0ba17b80a5593f93bd8ecb123dd336a3 \
    --hash=sha256:56a3f9c60a13133a98ecff6197af34d7824de9b7b38c3654861a725c970c197b \
    --hash=sha256:56b25336f502b6ed02e889f4ece894a72612fe885889a6e8c4c80239ff6e5f5f \
    --hash=sha256:57850958fe9c751670e49b2cecf6294acc99e562531f4bd317fa5ddee2068463 \
    --hash=sha256:58f62cc0f00fd29e64b29f4fd923ffdb3859c9f9e6105bfc37ba1d08994e8940 \
    --hash=sha256:5c0a9f29ca8e79f09de89293f82fc9b0270bb4af1d58bc98f540cc4aedf03166 \
    --hash=sha256:5cdfebd752ec52bf5bb4e35d9c64b40826bc5b40a13df7c3cda20a2c03a0f5ed \
    --hash=sha256:5d04bfa02cc2d23b497d1e90a0f927070043f6cbf303e738300532379a4b4e0f \
    --hash=sha256:5d2fd0fa6b5d9d1de415060363433f28da8b1526c1c129020435e186794b3795 \
    --hash=sha256:62f5409336adb0663b7caa0da5c7d9e7bdbaae9ce761d34669420c2a801b2780 \
    --hash=sha256:632ff19b2778e43162304d50da0181ce24ac5bb8180122cbe1bf4673428328c7 \
    --hash=sha256:6562ace0d3fb5f20ed7290f1f929cae41b25ae29528f2af1722966a0a02e2aa1 \
    --hash=sha256:673aa32138f3e7531ccdbca7b3901dba9b70940a19ccecc6a37c77d5fdeb05b5 \
    --hash=sha256:6a6e67ea2e6feda684ed370f9a1c52e7a243631c025ba42149a2cc5934dec295 \
    --hash=sha256:6a9adfc6d24b10f89588096364cc726174118c62130c817c2837c60cf08a392b \
    --hash=sha256:6bb77b2dcb06b20f9f4b4a8454caa581cd4dd0643a08bacf821216a16d9c8354 \
    --hash=sha256:6e6b2a0c538fc200b38ff9eb6628228b77908c319a005815f2dde585a0664b60 \
    --hash=sha256:71cde9a1e1551df7d34a25462fc60325e8a11a82cc2e2f54578e5e9a1e153d65 \
    --hash=sha256:7371b48c4fa448d20d2714c9a1f775a81155050d383333e0a6c15b1123dda005 \
    --hash=sha256:766cef22385fa1091258ad7e6216792b156dc16d8d3fa607e7545b2b72061f1c \
    --hash=sha256:7b14cc0106cd9aecda615dd6903840a058b4700fcb817687d0ee4fc8b6e389be \
    --hash=sha256:7f84204dee22a783350679a0333981df803dac21a0190d706a50475e361c93f5 \
    --hash=sha256:8023abc91fba39036dbce14a7d6535632f99c0b857807cbbbf21ecc9f4717f06 \
    --hash=sha256:80b2da48193b2f33ed0c32c38140f9d3186583ce7d516526d462645fd98660ae \
    --hash=sha256:8297651f5b5679c19968abefd6bb84d95fe30ef712eb1b2d9b2d31ca61267f4c \
    --hash=sha256:88d387ff40b3ff7c274947ed3125dedf5262ec6919d83946753b5f3d7c67ea4c \
    --hash=sha256:88ddbc66737e277852913bd1e07c150cc7bb124539f94c4e2df5344494e0a612 \
    --hash=sha256:8bd7903a5f2a4545f6fd5935c90058b89d30045568985a71c79f5fd6edf9b91e \
    --hash=sha256:8be29e59487a79f173507c30ddf57e733a357f67881430449bb32614075a40ab \
    --hash=sha256:8c984051042858021a54926eb597d6ee3012393ce9c181814115df4c60b9a808 \
    --hash=sha256:8cbeb542b2ebc6fcdacabf8aca8c1a97c9b3ad3927d46b8723f9d4f033288a0f \
    --hash=sha256:8e9c4f5b3c546fa3458a29ab22646c1c6c787ea8f5ef51300e5a60300736905e \
    --hash=sha256:90e6f81de50ad6b534cab6e5aef77ff6e37722b2f5d908686f4a5c9eba17a909 \
    --hash=sha256:975385f4776fafde056abb318f612ef6285b10a1f12b8570f3647ad0d74b48ec \
    --hash=sha256:9a8a34cc89c67a65ea7437ce257cea81a9dad65b29805f3ecee8c8fe8ff25ffe \
    --hash=sha256:9aba9a17b623ef750a4d11b742cbafffeb48a869821252b30ee21b5e91392c50 \
    --hash=sha256:9f08483a632889536b8139663db60f6724bfcb443c96f1b18855860d7d5c0fd4 \
    --hash=sha256:a4e8f36e677d3336f35089648c8955c51c6d386a13cf6ee9c189c5f5bd713a9f \
    --hash=sha256:a52edc8bfff4429aaabdf4d9ee0daadbbf8562364f940937b941f87a4290f5ff \
    --hash=sha256:a830b1a40919539d07806aa58e1b114df53ddd43213d9c8b75847eee6c0182b5 \
    --hash=sha256:aa88ccfe4e32d362816319ed727a004423aab09c5cea43c01a4b435643fa34eb \
    --hash=sha256:af73337013e0b3b46f175e79492d96845b16126ddf79c438d7ea7ff27783a414 \
    --hash=sha256:b1c1fbd8a5a1af3412a0810d060a78b5136ec0836c8a4ef9aa11807f2a22f4e1 \
    --hash=sha256:b85f66ae9eb53e860a873b858b789217ba505e5e405a24b85c0464822fe88032 \
    --hash=sha256:b86024e52a1b269467a802258c25521e6d742349d760728092e1bc2d135b4d76 \
    --hash=sha256:bd9c0c7a0c681a347b3194c500cb1e6ca9cab053ea4d82a5cf45b6b754560136 \
    --hash=sha256:bfa9c230d2fe991bed5318a5f119bd6780cda2915cca595393649fc118ab895e \
    --hash=sha256:d362d1878f00c142b7e1a16e6e5e780f02be8195123f164edf7eddd911eefe7c \
    --hash=sha256:d5d38f1411c0ed9f97bcb49b7bd59b6b7c314e0e27420e34d99d844b9ce3b6f3 \
    --hash=sha256:dac8d77255a37e81a2efcbd1fc05f1c15ee82200e6c240d7e127e25e365c39ea \
    --hash=sha256:dd025009355c926a84a612fecf58bb315a3f6814b17ead51a8e48d3823d9087f \
    --hash=sha256:deede7c263feb25dba4e82ea23058a235dcc2fe1f6021025dc71f2b618e26104 \
    --hash=sha256:e74473c875d78b8e9d5da2a70f7099549f9eb37ded4e2f6a463e60125bccd176 \
    --hash=sha256:ee3120ae9dff32f121610bb08e4313be87e03efeadfc6c0d18f89127e24d0c24 \
    --hash=sha256:eedf4b74eda2b5a4b2b2fb4c006d6295df3bf29e459e198c90ea48e130dc75c3 \
    --hash=sha256:efd8c21c98c5cc60653bcb311bef2ce0401642b7ce9d09e03a7da87c878289d4 \
    --hash=sha256:f1c943e96e85df3d3478f7b691f229887e143f81fedab9b20205349ab04d73ed \
    --hash=sha256:f278f034eb75b4e8a13a54a876cc4a5ab39173d2cdd93a638e1b467fc545ac43 \
    --hash=sha256:f3f40b3c5a968281fd507d519e444c35f0ff171237f4fdde090dd60699458421 \
    --hash=sha256:f490f9368b6fc026f021db16d7ec2fbf7d89e2edb42e8ec09d2c60505f5729c7 \
    --hash=sha256:fb043ee2f06b41473269765c2feae53fc2e2fbf96e5e22ca94fb5ad677856f06 \
    --hash=sha256:fc3d34d4a8fbec3e88a79b92e5465e0f9b842b628675850d860b8bd300b159f5
    # via -r requirements.in
psycopg[binary,pool]==3.3.3 \
    --hash=sha256:5e9a47458b3c1583326513b2556a2a9473a1001a56c9efe9e587245b43148dd9 \
    --hash=sha256:f96525a72bcfade6584ab17e89de415ff360748c766f0106959144dcbb38c698
    # via -r requirements.in
psycopg-binary==3.3.3 \
    --hash=sha256:05f32239aec25c5fb15f7948cffdc2dc0dac098e48b80a140e4ba32b572a2e7d \
    --hash=sha256:07c7211f9327d522c9c47560cae00a4ecf6687f4e02d779d035dd3177b41cb12 \
    --hash=sha256:0dde92cfde09293fb63b3f547919ba7d73bd2654573c03502b3263dd0218e44e \
    --hash=sha256:111c59897a452196116db12e7f608da472fbff000693a21040e35fc978b23430 \
    --hash=sha256:162e5675efb4704192411eaf8e00d07f7960b679cd3306e7efb120bb8d9456cc \
    --hash=sha256:165f22ab5a9513a3d7425ffb7fcc7955ed8ccaeef6d37e369d6cc1dff1582383 \
    --hash=sha256:17bb6600e2455993946385249a3c3d0af52cd70c1c1cdbf712e9d696d0b0bf1b \
    --hash=sha256:19f93235ece6dbfc4036b5e4f6d8b13f0b8f2b3eeb8b0bd2936d406991bcdd40 \
    --hash=sha256:1bef235a50a80f6aba05147002bc354559657cb6386dbd04d8e1c97d1d7cbe84 \
    --hash=sha256:258d1ea53464d29768bf25930f43291949f4c7becc706f6e220c515a63a24edd \
    --hash=sha256:263a24f39f26e19ed7fc982d7859a36f17841b05bebad3eb47bb9cd2dd785351 \
    --hash=sha256:329ff393441e75f10b673ae99ab45276887993d49e65f141da20d915c05aafd8 \
    --hash=sha256:42961609ac07c232a427da7c87a468d3c82fee6762c220f38e37cfdacb2b178d \
    --hash=sha256:47f06fcbe8542b4d96d7392c476a74ada521c5aebdb41c3c0155f6595fc14c8d \
    --hash=sha256:48e500cf1c0984dacf1f28ea482c3cdbb4c2288d51c336c04bc64198ab21fc51 \
    --hash=sha256:497852c5eaf1f0c2d88ab74a64a8097c099deac0c71de1cbcf18659a8a04a4b2 \
    --hash=sha256:4d4606c84d04b80f9138d72f1e28c6c02dc5ae0c7b8f3f8aaf89c681ce1cd1b1 \
    --hash=sha256:5152d50798c2fa5bd9b68ec68eb68a1b71b95126c1d70adaa1a08cd5eefdc23d \
    --hash=sha256:533efe6dc3a7cba5e2a84e38970786bb966306863e45f3db152007e9f48638a6 \
    --hash=sha256:56c767007ca959ca32f796b42379fc7e1ae2ed085d29f20b05b3fc394f3715cc \
    --hash=sha256:5958dbf28b77ce2033482f6cb9ef04d43f5d8f4b7636e6963d5626f000efb23e \
    --hash=sha256:59aa31fe11a0e1d1bcc2ce37ed35fe2ac84cd65bb9036d049b1a1c39064d0f14 \
    --hash=sha256:642050398583d61c9856210568eb09a8e4f2fe8224bf3be21b67a370e677eead \
    --hash=sha256:6698dbab5bcef8fdb570fc9d35fd9ac52041771bfcfe6fd0fc5f5c4e36f1e99d \
    --hash=sha256:73eaaf4bb04709f545606c1db2f65f4000e8a04cdbf3e00d165a23004692093e \
    --hash=sha256:74eae563166ebf74e8d950ff359be037b85723d99ca83f57d9b244a871d6c13b \
    --hash=sha256:78c9ce98caaf82ac8484d269791c1b403d7598633e0e4e2fa1097baae244e2f1 \
    --hash=sha256:7c84f9d214f2d1de2fafebc17fa68ac3f6561a59e291553dfc45ad299f4898c1 \
    --hash=sha256:883d68d48ca9ff3cb3d10c5fdebea02c79b48eecacdddbf7cce6e7cdbdc216b8 \
    --hash=sha256:8e7e9eca9b363dbedeceeadd8be97149d2499081f3c52d141d7cd1f395a91f83 \
    --hash=sha256:90eecd93073922f085967f3ed3a98ba8c325cbbc8c1a204e300282abd2369e13 \
    --hash=sha256:97c839717bf8c8df3f6d983a20949c4fb22e2a34ee172e3e427ede363feda27b \
    --hash=sha256:9d6a1e56dd267848edb824dbeb08cf5bac649e02ee0b03ba883ba3f4f0bd54f2 \
    --hash=sha256:9f7d0cf072c6fbac3795b08c98ef9ea013f11db609659dcfc6b1f6cc31f9e181 \
    --hash=sha256:a39f34c9b18e8f6794cca17bfbcd64572ca2482318db644268049f8c738f35a6 \
    --hash=sha256:a4aab31bd6d1057f287c96c0effca3a25584eb9cc702f282ecb96ded7814e830 \
    --hash=sha256:a6af77b6626ce92b5817bf294b4d45ec1a6161dba80fc2d82cdffdd6814fd023 \
    --hash=sha256:a89bb9ee11177b2995d87186b1d9fa892d8ea725e85eab28c6525e4cc14ee048 \
    --hash=sha256:ae07a3114313dd91fce686cab2f4c44af094398519af0e0f854bc707e1aeedf1 \
    --hash=sha256:b27d3a23c79fa59557d2cc63a7e8bb4c7e022c018558eda36f9d7c4e6b99a6e0 \
    --hash=sha256:b3385b58b2fe408a13d084c14b8dcf468cd36cbbe774408250facc128f9fa75c \
    --hash=sha256:b62cf8784eb6d35beaee1056d54caf94ec6ecf2b7552395e305518ab61eb8fd2 \
    --hash=sha256:cab7bc3d288d37a80aa8c0820033250c95e40b1c2b5c57cf59827b19c2a8b69d \
    --hash=sha256:cb85b1d5702877c16f28d7b92ba030c1f49ebcc9b87d03d8c10bf45a2f1c7508 \
    --hash=sha256:d257c58d7b36a621dcce1d01476ad8b60f12d80eb1406aee4cf796f88b2ae482 \
    --hash=sha256:d593612758d0041cb13cb0003f7f8d3fabb7ad9319e651e78afae49b1cf5860e \
    --hash=sha256:da2f331a01af232259a21573a01338530c6016dcfad74626c01330535bcd8628 \
    --hash=sha256:dac7ee2f88b4d7bb12837989ca354c38d400eeb21bce3b73dac02622f0a3c8d6 \
    --hash=sha256:e77957d2ba17cada11be09a5066d93026cdb61ada7c8893101d7fe1c6e1f3925 \
    --hash=sha256:e7800e6c6b5dc4b0ca7cc7370f770f53ac83886b76afda0848065a674231e856 \
    --hash=sha256:e7b607f0e14f2a4cf7e78a05ebd13df6144acfba87cb90842e70d3f125d9f53f \
    --hash=sha256:eb072949b8ebf4082ae24289a2b0fd724da9adc8f22743409d6fd718ddb379df \
    --hash=sha256:eb36a08859b9432d94ea6b26ec41a2f98f83f14868c91321d0c1e11f672eeae7 \
    --hash=sha256:f24e8e17035200a465c178e9ea945527ad0738118694184c450f1192a452ff25 \
    --hash=sha256:fab6b5e37715885c69f5d091f6ff229be71e235f272ebaa35158d5a46fd548a0
    # via psycopg
psycopg-pool==3.3.0 \
    --hash=sha256:2e44329155c410b5e8666372db44276a8b1ebd8c90f1c3026ebba40d4bc81063 \
    --hash=sha256:fa115eb2860bd88fce1717d75611f41490dec6135efb619611142b24da3f6db5
    # via psycopg
pydantic==2.13.3 \
    --hash=sha256:6db14ac8dfc9a1e57f87ea2c0de670c251240f43cb0c30a5130e9720dc612927 \
    --hash=sha256:af09e9d1d09f4e7fe37145c1f577e1d61ceb9a41924bf0094a36506285d0a84d
    # via
    #   fastapi
    #   pydantic-settings
pydantic-core==2.46.3 \
    --hash=sha256:0087084960f209a9a4af50ecd1fb063d9ad3658c07bb81a7a53f452dacbfb2ba \
    --hash=sha256:031bb17f4885a43773c8c763089499f242aee2ea85cf17154168775dccdecf35 \
    --hash=sha256:06d5d8820cbbdb4147578c1fe7ffcd5b83f34508cb9f9ab76e807be7db6ff0a4 \
    --hash=sha256:07bc6d2a28c3adb4f7c6ae46aa4f2d2929af127f587ed44057af50bf1ce0f505 \
    --hash=sha256:0c9ff69140423eea8ed2d5477df3ba037f671f5e897d206d921bc9fdc39613e7 \
    --hash=sha256:1105677a6df914b1fb71a81b96c8cce7726857e1717d86001f29be06a25ee6f8 \
    --hash=sha256:1108da631e602e5b3c38d6d04fe5bb3bfa54349e6918e3ca6cf570b2e2b2f9d4 \
    --hash=sha256:12bc98de041458b80c86c56b24df1d23832f3e166cbaff011f25d187f5c62c37 \
    --hash=sha256:13afdd885f3d71280cf286b13b310ee0f7ccfefd1dbbb661514a474b726e2f25 \
    --hash=sha256:17eaface65d9fc5abb940003020309c1bf7a211f5f608d7870297c367e6f9022 \
    --hash=sha256:1da3786b8018e60349680720158cc19161cc3b4bdd815beb0a321cd5ce1ad5b1 \
    --hash=sha256:23cbdb3aaa74dfe0837975dbf69b469753bbde8eacace524519ffdb6b6e89eb7 \
    --hash=sha256:2798b6ba041b9d70acfb9071a2ea13c8456dd1e6a5555798e41ba7b0790e329c \
    --hash=sha256:27f9067c3bfadd04c55484b89c0d267981b2f3512850f6f66e1e74204a4e4ce3 \
    --hash=sha256:28b5f2ef03416facccb1c6ef744c69793175fd27e44ef15669201601cf423acb \
    --hash=sha256:28e8cf2f52d72ced402a137145923a762cbb5081e48b34312f7a0c8f55928ec3 \
    --hash=sha256:28ed528c45446062ee66edb1d33df5d88828ae167de76e773a3c7f64bd14e976 \
    --hash=sha256:2b8e4f2bbdf71415c544b4b1138b8060db7b6611bc927e8064c769f64bed651c \
    --hash=sha256:2f40e4246676beb31c5ce77c38a55ca4e465c6b38d11ea1bd935420568e0b1ab \
    --hash=sha256:3481bd1341dc85779ee506bc8e1196a277ace359d89d28588a9468c3ecbe63fa \
    --hash=sha256:3612edf65c8ea67ac13616c4d23af12faef1ae435a8a93e5934c2a0cbbdd1fd6 \
    --hash=sha256:367508faa4973b992b271ba1494acaab36eb7e8739d1e47be5035fb1ea225396 \
    --hash=sha256:3861f1731b90c50a3266316b9044f5c9b405eecb8e299b0a7120596334e4fe9c \
    --hash=sha256:3d08782c4045f90724b44c95d35ebec0d67edb8a957a2ac81d5a8e4b8a200495 \
    --hash=sha256:41c178f65b8c29807239d47e6050262eb6bf84eb695e41101e62e38df4a5bc2c \
    --hash=sha256:4335e87c7afa436a0dfa899e138d57a72f8aad542e2cf19c36fb428461caabd0 \
    --hash=sha256:4b068543bdb707f5d935dab765d99227aa2545ef2820935f2e5dd801795c7dbd \
    --hash=sha256:4de88889d7e88d50d40ee5b39d5dac0bcaef9ba91f7e536ac064e6b2834ecccf \
    --hash=sha256:4e9d76736da5f362fabfeea6a69b13b7f2be405c6d6966f06b2f6bfff7e64531 \
    --hash=sha256:57697d7c056aca4bbb680200f96563e841a6386ac1129370a0102592f4dddff5 \
    --hash=sha256:57a973eae4665352a47cf1a99b4ee864620f2fe663a217d7a8da68a1f3a5bfda \
    --hash=sha256:5ad3c826fe523e4becf4fe39baa44286cff85ef137c729a2c5e269afbfd0905d \
    --hash=sha256:5c024e08c0ba23e6fd68c771a521e9d6a792f2ebb0fa734296b36394dc30390e \
    --hash=sha256:5dcbbcf4d22210ced8f837c96db941bdb078f419543472aca5d9a0bb7cddc7df \
    --hash=sha256:5dfd51cf457482f04ec49491811a2b8fd5b843b64b11eecd2d7a1ee596ea78a6 \
    --hash=sha256:60e5f66e12c4f5212d08522963380eaaeac5ebd795826cfd19b2dfb0c7a52b9c \
    --hash=sha256:610eda2e3838f401105e6326ca304f5da1e15393ae25dacae5c5c63f2c275b13 \
    --hash=sha256:6529d1d128321a58d30afcc97b49e98836542f68dd41b33c2e972bb9e5290536 \
    --hash=sha256:6645ce7eec4928e29a1e3b3d5c946621d105d3e79f0c9cddf07c2a9770949287 \
    --hash=sha256:68cc7866ed863db34351294187f9b729964c371ba33e31c26f478471c52e1ed0 \
    --hash=sha256:68ef2f623dda6d5a9067ac014e406c020c780b2a358930a7e5c1b73702900720 \
    --hash=sha256:69a868ef3ff206343579021c40faf3b1edc64b1cc508ff243a28b0a514ccb050 \
    --hash=sha256:6dff8cc884679df229ebc6d8eb2321ea6f8e091bc7d4886d4dc2e0e71452843c \
    --hash=sha256:6e42d83d1c6b87fa56b521479cff237e626a292f3b31b6345c15a99121b454c1 \
    --hash=sha256:706d9d0ce9cf4593d07270d8e9f53b161f90c57d315aeec4fb4fd7a8b10240d8 \
    --hash=sha256:75a519dab6d63c514f3a81053e5266c549679e4aa88f6ec57f2b7b854aceb1b0 \
    --hash=sha256:77706aeb41df6a76568434701e0917da10692da28cb69d5fb6919ce5fdb07374 \
    --hash=sha256:79f561438481f28681584b89e2effb22855e2179880314bcddbf5968e935e807 \
    --hash=sha256:830d1247d77ad23852314f069e9d7ddafeec5f684baf9d7e7065ed46a049c4e6 \
    --hash=sha256:831eb19aa789a97356979e94c981e5667759301fb708d1c0d5adf1bc0098b873 \
    --hash=sha256:83d002b97072a53ea150d63e0a3adfae5670cef5aa8a6e490240e482d3b22e57 \
    --hash=sha256:85348b8f89d2c3508b65b16c3c33a4da22b8215138d8b996912bb1532868885f \
    --hash=sha256:8690eba565c6d68ffd3a8655525cbdd5246510b44a637ee2c6c03a7ebfe64d3c \
    --hash=sha256:87082cd65669a33adeba5470769e9704c7cf026cc30afb9cc77fd865578ebaad \
    --hash=sha256:8940562319bc621da30714617e6a7eaa6b98c84e8c685bcdc02d7ed5e7c7c44e \
    --hash=sha256:91249bcb7c165c2fb2a2f852dbc5c91636e2e218e75d96dfdd517e4078e173dd \
    --hash=sha256:93fd339f23408a07e98950a89644f92c54d8729719a40b30c0a30bb9ebc55d23 \
    --hash=sha256:9715525891ed524a0a1eb6d053c74d4d4ad5017677fb00af0b7c2644a31bae46 \
    --hash=sha256:975c267cff4f7e7272eacbe50f6cc03ca9a3da4c4fbd66fffd89c94c1e311aa1 \
    --hash=sha256:99421e7684a60f7f3550a1d159ade5fdff1954baedb6bdd407cba6a307c9f27d \
    --hash=sha256:9be3e221bdc6d69abf294dcf7aff6af19c31a5cdcc8f0aa3b14be29df4bd03b1 \
    --hash=sha256:9ce92e58abc722dac1bf835a6798a60b294e48eb0e625ec9fd994b932ac5feee \
    --hash=sha256:9d2e32edcc143bc01e95300671915d9ca052d4f745aa0a49c48d4803f8a85f2c \
    --hash=sha256:9d2f400712a99a013aff420ef1eb9be077f8189a36c1e3ef87660b4e1088a874 \
    --hash=sha256:9f247596366f4221af52beddd65af1218797771d6989bc891a0b86ccaa019168 \
    --hash=sha256:a03e6467f0f5ab796a486146d1b887b2dc5e5f9b3288898c1b1c3ad974e53e4a \
    --hash=sha256:a35cc284c8dd7edae8a31533713b4d2467dfe7c4f1b5587dd4031f28f90d1d13 \
    --hash=sha256:a3b11c812f61b3129c4905781a2601dfdfdea5fe1e6c1cfb696b55d14e9c054f \
    --hash=sha256:a642ac886ecf6402d9882d10c405dcf4b902abeb2972cd5fb4a48c83cd59279a \
    --hash=sha256:a6cd87cb1575b1ad05ba98894c5b5c96411ef678fa2f6ed2576607095b8d9789 \
    --hash=sha256:a712c7118e6c5ea96562f7b488435172abb94a3c53c22c9efc1412264a45cbbe \
    --hash=sha256:a7610b6a5242a6c736d8ad47fd5fff87fcfe8f833b281b1c409c3d6835d9227f \
    --hash=sha256:ab124d49d0459b2373ecf54118a45c28a1e6d4192a533fbc915e70f556feb8e5 \
    --hash=sha256:ac5ec7fb9b87f04ee839af2d53bcadea57ded7d229719f56c0ed895bff987943 \
    --hash=sha256:aed19d0c783886d5bd86d80ae5030006b45e28464218747dcf83dabfdd092c7b \
    --hash=sha256:af8653713055ea18a3abc1537fe2ebc42f5b0bbb768d1eb79fd74eb47c0ac089 \
    --hash=sha256:afa3aa644f74e290cdede48a7b0bee37d1c35e71b05105f6b340d484af536d9b \
    --hash=sha256:b00b76f7142fc60c762ce579bd29c8fa44aaa56592dd3c54fab3928d0d4ca6ff \
    --hash=sha256:b11b59b3eee90a80a36701ddb4576d9ae31f93f05cb9e277ceaa09e6bf074a67 \
    --hash=sha256:b12dd51f1187c2eb489af8e20f880362db98e954b54ab792fa5d92e8bcc6b803 \
    --hash=sha256:b40ddd51e7c44b28cfaef746c9d3c506d658885e0a46f9eeef2ee815cbf8e045 \
    --hash=sha256:b504bda01bafc69b6d3c7a0c7f039dcf60f47fab70e06fe23f57b5c75bdc82b8 \
    --hash=sha256:b5b9c6cf08a8a5e502698f5e153056d12c34b8fb30317e0c5fd06f45162a6346 \
    --hash=sha256:b675ab0a0d5b1c8fdb81195dc5bcefea3f3c240871cdd7ff9a2de8aa50772eb2 \
    --hash=sha256:b6cdf19bf84128d5e7c37e8a73a0c5c10d51103a650ac585d42dd6ae233f2b7f \
    --hash=sha256:bcf2a8b2982a6673693eae7348ef3d8cf3979c1d63b54fca7c397a635cc68687 \
    --hash=sha256:bd2aab0e2e9dc2daf36bd2686c982535d5e7b1d930a1344a7bb6e82baab42a76 \
    --hash=sha256:c3212fda0ee959c1dd04c60b601ec31097aaa893573a3a1abd0a47bcac2968c1 \
    --hash=sha256:cc0988cb29d21bf4a9d5cf2ef970b5c0e38d8d8e107a493278c05dc6c1dda69f \
    --hash=sha256:cc7e8c32db809aa0f6ea1d6869ebc8518a65d5150fdfad8bcae6a49ae32a22e2 \
    --hash=sha256:cca67d52a5c7a16aed2b3999e719c4bcf644074eac304a5d3d62dd70ae7d4b2c \
    --hash=sha256:ced3310e51aa425f7f77da8bbbb5212616655bedbe82c70944320bc1dbe5e018 \
    --hash=sha256:cf489cf8986c543939aeee17a09c04d6ffb43bfef8ca16fcbcc5cfdcbed24dba \
    --hash=sha256:d0793c90c1a3c74966e7975eaef3ed30ebdff3260a0f815a62a22adc17e4c01c \
    --hash=sha256:d0fe3dce1e836e418f912c1ad91c73357d03e556a4d286f441bf34fed2dbeecf \
    --hash=sha256:d11058e3201527d41bc6b545c79187c9e4bf85e15a236a6007f0e991518882b7 \
    --hash=sha256:d2d0aead851b66f5245ec0c4fb2612ef457f8bbafefdf65a2bf9d6bac6140f47 \
    --hash=sha256:d56bdb4af1767cc15b0386b3c581fdfe659bb9ee4a4f776e92c1cd9d074000d6 \
    --hash=sha256:dcda6583921c05a40533f982321532f2d8db29326c7b95c4026941fa5074bd79 \
    --hash=sha256:dd81f6907932ebac3abbe41378dac64b2380db1287e2aa64d8d88f78d170f51a \
    --hash=sha256:de3a5c376f8cd94da9a1b8fd3dd1c16c7a7b216ed31dc8ce9fd7a22bf13b836e \
    --hash=sha256:de885175515bcfa98ae618c1df7a072f13d179f81376c8007112af20567fd08a \
    --hash=sha256:e29908922ce9da1a30b4da490bd1d3d82c01dcfdf864d2a74aacee674d0bfa34 \
    --hash=sha256:e480080975c1ef7f780b8f99ed72337e7cc5efea2e518a20a692e8e7b278eb8b \
    --hash=sha256:e61ea8e9fff9606d09178f577ff8ccdd7206ff73d6552bcec18e1033c4254b85 \
    --hash=sha256:ec638c5d194ef8af27db69f16c954a09797c0dc25015ad6123eb2c73a4d271ca \
    --hash=sha256:ed42e6cc8e1b0e2b9b96e2276bad70ae625d10d6d524aed0c93de974ae029f9f \
    --hash=sha256:f00a0961b125f1a47af7bcc17f00782e12f4cd056f83416006b30111d941dfa3 \
    --hash=sha256:f13936129ce841f2a5ddf6f126fea3c43cd128807b5a59588c37cf10178c2e64 \
    --hash=sha256:f1771ce258afb3e4201e67d154edbbae712a76a6081079fe247c2f53c6322c22 \
    --hash=sha256:f1f8338dd7a7f31761f1f1a3c47503a9a3b34eea3c8b01fa6ee96408affb5e72 \
    --hash=sha256:f64b5537ac62b231572879cd08ec05600308636a5d63bcbdb15063a466977bec \
    --hash=sha256:f80a55484b8d843c8ada81ebf70a682f3f00a3d40e378c06cf17ecb44d280d7d \
    --hash=sha256:f91c0aff3e3ee0928edd1232c57f643a7a003e6edf1860bc3afcdc749cb513f3 \
    --hash=sha256:fa3eb7c2995aa443687a825bc30395c8521b7c6ec201966e55debfd1128bcceb \
    --hash=sha256:fb528e295ed31570ac3dcc9bfdd6e0150bc11ce6168ac87a8082055cf1a67395 \
    --hash=sha256:fc331a5314ffddd5385b9ee9d0d2fee0b13c27e0e02dad71b1ae5d6561f51eeb \
    --hash=sha256:fd35aa21299def8db7ef4fe5c4ff862941a9a158ca7b63d61e66fe67d30416b4 \
    --hash=sha256:ff5e7783bcc5476e1db448bf268f11cb257b1c276d3e89f00b5727be86dd0127 \
    --hash=sha256:ffe0883b56cfc05798bf994164d2b2ff03efe2d22022a2bb080f3b626176dd56
    # via pydantic
pydantic-settings==2.14.0 \
    --hash=sha256:24285fd4b0e0c06507dd9fdfd331ee23794305352aaec8fc4eb92d4047aeb67d \
    --hash=sha256:fc8d5d692eb7092e43c8647c1c35a3ecd00e040fcf02ed86f4cb5458ca62182e
    # via -r requirements.in
python-dotenv==1.2.2 \
    --hash=sha256:1d8214789a24de455a8b8bd8ae6fe3c6b69a5e3d64aa8a8e5d68e694bbcb285a \
    --hash=sha256:2c371a91fbd7ba082c2c1dc1f8bf89ca22564a087c2c287cd9b662adde799cf3
    # via pydantic-settings
python-telegram-bot==22.7 \
    --hash=sha256:784b59ea3852fe4616ad63b4a0264c755637f5d725e87755ecdee28300febf61 \
    --hash=sha256:d72eed532cf763758cd9331b57a6d790aff0bb4d37d8f4e92149436fe21c6475
    # via -r requirements.in
slowapi==0.1.9 \
    --hash=sha256:639192d0f1ca01b1c6d95bf6c71d794c3a9ee189855337b4821f7f457dddad77 \
    --hash=sha256:cfad116cfb84ad9d763ee155c1e5c5cbf00b0d47399a769b227865f5df576e36
    # via -r requirements.in
starlette==1.0.0 \
    --hash=sha256:6a4beaf1f81bb472fd19ea9b918b50dc3a77a6f2e190a12954b25e6ed5eea149 \
    --hash=sha256:d3ec55e0bb321692d275455ddfd3df75fff145d009685eb40dc91fc66b03d38b
    # via fastapi
typing-extensions==4.15.0 \
    --hash=sha256:0cea48d173cc12fa28ecabc3b837ea3cf6f38c6d1136f85cbaaf598984861466 \
    --hash=sha256:f0fa19c6845758ab08074a0cfa8b7aecb71c999ca73d62883bc25cc018c4e548
    # via
    #   anyio
    #   fastapi
    #   limits
    #   psycopg
    #   psycopg-pool
    #   pydantic
    #   pydantic-core
    #   starlette
    #   typing-inspection
typing-inspection==0.4.2 \
    --hash=sha256:4ed1cacbdc298c220f1bd249ed5287caa16f34d44ef4e9c3d0cbad5b521545e7 \
    --hash=sha256:ba561c48a67c5958007083d386c3295464928b01faa735ab8547c5692e87f464
    # via
    #   fastapi
    #   pydantic
    #   pydantic-settings
uvicorn==0.46.0 \
    --hash=sha256:bbebbcbed972d162afca128605223022bedd345b7bc7855ce66deb31487a9048 \
    --hash=sha256:fb9da0926999cc6cb22dc7cd71a94a632f078e6ae47ff683c5c420750fb7413d
    # via -r requirements.in
wrapt==1.17.3 \
    --hash=sha256:02b551d101f31694fc785e58e0720ef7d9a10c4e62c1c9358ce6f63f23e30a56 \
    --hash=sha256:042ec3bb8f319c147b1301f2393bc19dba6e176b7da446853406d041c36c7828 \
    --hash=sha256:0610b46293c59a3adbae3dee552b648b984176f8562ee0dba099a56cfbe4df1f \
    --hash=sha256:0b02e424deef65c9f7326d8c19220a2c9040c51dc165cddb732f16198c168396 \
    --hash=sha256:0b1831115c97f0663cb77aa27d381237e73ad4f721391a9bfb2fe8bc25fa6e77 \
    --hash=sha256:0ed61b7c2d49cee3c027372df5809a59d60cf1b6c2f81ee980a091f3afed6a2d \
    --hash=sha256:0f5f51a6466667a5a356e6381d362d259125b57f059103dd9fdc8c0cf1d14139 \
    --hash=sha256:16ecf15d6af39246fe33e507105d67e4b81d8f8d2c6598ff7e3ca1b8a37213f7 \
    --hash=sha256:1f0b2f40cf341ee8cc1a97d51ff50dddb9fcc73241b9143ec74b30fc4f44f6cb \
    --hash=sha256:1f23fa283f51c890eda8e34e4937079114c74b4c81d2b2f1f1d94948f5cc3d7f \
    --hash=sha256:223db574bb38637e8230eb14b185565023ab624474df94d2af18f1cdb625216f \
    --hash=sha256:249f88ed15503f6492a71f01442abddd73856a0032ae860de6d75ca62eed8067 \
    --hash=sha256:24c2ed34dc222ed754247a2702b1e1e89fdbaa4016f324b4b8f1a802d4ffe87f \
    --hash=sha256:273a736c4645e63ac582c60a56b0acb529ef07f78e08dc6bfadf6a46b19c0da7 \
    --hash=sha256:281262213373b6d5e4bb4353bc36d1ba4084e6d6b5d242863721ef2bf2c2930b \
    --hash=sha256:30ce38e66630599e1193798285706903110d4f057aab3168a34b7fdc85569afc \
    --hash=sha256:33486899acd2d7d3066156b03465b949da3fd41a5da6e394ec49d271baefcf05 \
    --hash=sha256:343e44b2a8e60e06a7e0d29c1671a0d9951f59174f3709962b5143f60a2a98bd \
    --hash=sha256:373342dd05b1d07d752cecbec0c41817231f29f3a89aa8b8843f7b95992ed0c7 \
    --hash=sha256:3af60380ba0b7b5aeb329bc4e402acd25bd877e98b3727b0135cb5c2efdaefe9 \
    --hash=sha256:3e62d15d3cfa26e3d0788094de7b64efa75f3a53875cdbccdf78547aed547a81 \
    --hash=sha256:41b1d2bc74c2cac6f9074df52b2efbef2b30bdfe5f40cb78f8ca22963bc62977 \
    --hash=sha256:423ed5420ad5f5529db9ce89eac09c8a2f97da18eb1c870237e84c5a5c2d60aa \
    --hash=sha256:46acc57b331e0b3bcb3e1ca3b421d65637915cfcd65eb783cb2f78a511193f9b \
    --hash=sha256:4da9f45279fff3543c371d5ababc57a0384f70be244de7759c85a7f989cb4ebe \
    --hash=sha256:507553480670cab08a800b9463bdb881b2edeed77dc677b0a5915e6106e91a58 \
    --hash=sha256:53e5e39ff71b3fc484df8a522c933ea2b7cdd0d5d15ae82e5b23fde87d44cbd8 \
    --hash=sha256:54a30837587c6ee3cd1a4d1c2ec5d24e77984d44e2f34547e2323ddb4e22eb77 \
    --hash=sha256:5531d911795e3f935a9c23eb1c8c03c211661a5060aab167065896bbf62a5f85 \
    --hash=sha256:55cbbc356c2842f39bcc553cf695932e8b30e30e797f961860afb308e6b1bb7c \
    --hash=sha256:59923aa12d0157f6b82d686c3fd8e1166fa8cdfb3e17b42ce3b6147ff81528df \
    --hash=sha256:5a03a38adec8066d5a37bea22f2ba6bbf39fcdefbe2d91419ab864c3fb515454 \
    --hash=sha256:5a7b3c1ee8265eb4c8f1b7d29943f195c00673f5ab60c192eba2d4a7eae5f46a \
    --hash=sha256:5d4478d72eb61c36e5b446e375bbc49ed002430d17cdec3cecb36993398e1a9e \
    --hash=sha256:5ea5eb3c0c071862997d6f3e02af1d055f381b1d25b286b9d6644b79db77657c \
    --hash=sha256:604d076c55e2fdd4c1c03d06dc1a31b95130010517b5019db15365ec4a405fc6 \
    --hash=sha256:656873859b3b50eeebe6db8b1455e99d90c26ab058db8e427046dbc35c3140a5 \
    --hash=sha256:65d1d00fbfb3ea5f20add88bbc0f815150dbbde3b026e6c24759466c8b5a9ef9 \
    --hash=sha256:6b538e31eca1a7ea4605e44f81a48aa24c4632a277431a6ed3f328835901f4fd \
    --hash=sha256:6fd1ad24dc235e4ab88cda009e19bf347aabb975e44fd5c2fb22a3f6e4141277 \
    --hash=sha256:70d86fa5197b8947a2fa70260b48e400bf2ccacdcab97bb7de47e3d1e6312225 \
    --hash=sha256:7171ae35d2c33d326ac19dd8facb1e82e5fd04ef8c6c0e394d7af55a55051c22 \
    --hash=sha256:73d496de46cd2cdbdbcce4ae4bcdb4afb6a11234a1df9c085249d55166b95116 \
    --hash=sha256:7425ac3c54430f5fc5e7b6f41d41e704db073309acfc09305816bc6a0b26bb16 \
    --hash=sha256:74afa28374a3c3a11b3b5e5fca0ae03bef8450d6aa3ab3a1e2c30e3a75d023dc \
    --hash=sha256:758895b01d546812d1f42204bd443b8c433c44d090248bf22689df673ccafe00 \
    --hash=sha256:79573c24a46ce11aab457b472efd8d125e5a51da2d1d24387666cd85f54c05b2 \
    --hash=sha256:7e18f01b0c3e4a07fe6dfdb00e29049ba17eadbc5e7609a2a3a4af83ab7d710a \
    --hash=sha256:88547535b787a6c9ce4086917b6e1d291aa8ed914fdd3a838b3539dc95c12804 \
    --hash=sha256:88bbae4d40d5a46142e70d58bf664a89b6b4befaea7b2ecc14e03cedb8e06c04 \
    --hash=sha256:8cccf4f81371f257440c88faed6b74f1053eef90807b77e31ca057b2db74edb1 \
    --hash=sha256:9baa544e6acc91130e926e8c802a17f3b16fbea0fd441b5a60f5cf2cc5c3deba \
    --hash=sha256:a36692b8491d30a8c75f1dfee65bef119d6f39ea84ee04d9f9311f83c5ad9390 \
    --hash=sha256:a47681378a0439215912ef542c45a783484d4dd82bac412b71e59cf9c0e1cea0 \
    --hash=sha256:a7c06742645f914f26c7f1fa47b8bc4c91d222f76ee20116c43d5ef0912bba2d \
    --hash=sha256:a9a2203361a6e6404f80b99234fe7fb37d1fc73487b5a78dc1aa5b97201e0f22 \
    --hash=sha256:ab232e7fdb44cdfbf55fc3afa31bcdb0d8980b9b95c38b6405df2acb672af0e0 \
    --hash=sha256:ad85e269fe54d506b240d2d7b9f5f2057c2aa9a2ea5b32c66f8902f768117ed2 \
    --hash=sha256:af338aa93554be859173c39c85243970dc6a289fa907402289eeae7543e1ae18 \
    --hash=sha256:afd964fd43b10c12213574db492cb8f73b2f0826c8df07a68288f8f19af2ebe6 \
    --hash=sha256:b32888aad8b6e68f83a8fdccbf3165f5469702a7544472bdf41f582970ed3311 \
    --hash=sha256:c31eebe420a9a5d2887b13000b043ff6ca27c452a9a22fa71f35f118e8d4bf89 \
    --hash=sha256:caea3e9c79d5f0d2c6d9ab96111601797ea5da8e6d0723f77eabb0d4068d2b2f \
    --hash=sha256:cf30f6e3c077c8e6a9a7809c94551203c8843e74ba0c960f4a98cd80d4665d39 \
    --hash=sha256:d40770d7c0fd5cbed9d84b2c3f2e156431a12c9a37dc6284060fb4bec0b7ffd4 \
    --hash=sha256:d8a210b158a34164de8bb68b0e7780041a903d7b00c87e906fb69928bf7890d5 \
    --hash=sha256:dc4a8d2b25efb6681ecacad42fca8859f88092d8732b170de6a5dddd80a1c8fa \
    --hash=sha256:df7d30371a2accfe4013e90445f6388c570f103d61019b6b7c57e0265250072a \
    --hash=sha256:e01375f275f010fcbf7f643b4279896d04e571889b8a5b3f848423d91bf07050 \
    --hash=sha256:e1a4120ae5705f673727d3253de3ed0e016f7cd78dc463db1b31e2463e1f3cf6 \
    --hash=sha256:e228514a06843cae89621384cfe3a80418f3c04aadf8a3b14e46a7be704e4235 \
    --hash=sha256:e405adefb53a435f01efa7ccdec012c016b5a1d3f35459990afc39b6be4d5056 \
    --hash=sha256:e6b13af258d6a9ad602d57d889f83b9d5543acd471eee12eb51f5b01f8eb1bc2 \
    --hash=sha256:e6f40a8aa5a92f150bdb3e1c44b7e98fb7113955b2e5394122fa5532fec4b418 \
    --hash=sha256:e71d5c6ebac14875668a1e90baf2ea0ef5b7ac7918355850c0908ae82bcb297c \
    --hash=sha256:ed7c635ae45cfbc1a7371f708727bf74690daedc49b4dba310590ca0bd28aa8a \
    --hash=sha256:f38e60678850c42461d4202739f9bf1e3a737c7ad283638251e79cc49effb6b6 \
    --hash=sha256:f66eb08feaa410fe4eebd17f2a2c8e2e46d3476e9f8c783daa8e09e0faa666d0 \
    --hash=sha256:f9b2601381be482f70e5d1051a5965c25fb3625455a2bf520b5a077b22afb775 \
    --hash=sha256:fbd3c8319de8e1dc79d346929cd71d523622da527cca14e0c1d257e31c2b8b10 \
    --hash=sha256:fd341868a4b6714a5962c1af0bd44f7c404ef78720c7de4892901e540417111c
    # via deprecated
